
Microsoft Visual Studio Solution File, Format Version 12.00
# Visual Studio Version 16
VisualStudioVersion = 16.0.31205.134
MinimumVisualStudioVersion = 10.0.40219.1
Project("{FAE04EC0-301F-11D3-BF4B-00C04F79EFBC}") = "ConsoleGame", "ConsoleGame\ConsoleGame.csproj", "{570FDF8A-0EC7-4933-8C03-200A348DB3AD}"
EndProject
Global
	GlobalSection(SolutionConfigurationPlatforms) = preSolution
		Debug|Any CPU = Debug|Any CPU
		Release|Any CPU = Release|Any CPU
	EndGlobalSection
	GlobalSection(ProjectConfigurationPlatforms) = postSolution
		{570FDF8A-0EC7-4933-8C03-200A348DB3AD}.Debug|Any CPU.ActiveCfg = Debug|Any CPU
		{570FDF8A-0EC7-4933-8C03-200A348DB3AD}.Debug|Any CPU.Build.0 = Debug|Any CPU
		{570FDF8A-0EC7-4933-8C03-200A348DB3AD}.Release|Any CPU.ActiveCfg = Release|Any CPU
		{570FDF8A-0EC7-4933-8C03-200A348DB3AD}.Release|Any CPU.Build.0 = Release|Any CPU
	EndGlobalSection
	GlobalSection(SolutionProperties) = preSolution
		HideSolutionNode = FALSE
	EndGlobalSection
	GlobalSection(ExtensibilityGlobals) = postSolution
		SolutionGuid = {42EF69F4-A29D-4F89-ABDA-D80B68F77649}
	EndGlobalSection
EndGlobal
